
Microsoft Visual Studio Solution File, Format Version 12.00
# Visual Studio Version 17
VisualStudioVersion = 17.11.35327.3
MinimumVisualStudioVersion = 10.0.40219.1
Project("{FAE04EC0-301F-11D3-BF4B-00C04F79EFBC}") = "Math_Game", "Math_Game.csproj", "{494360E5-973F-478D-AFE3-1CCE9317E76F}"
EndProject
Global
	GlobalSection(SolutionConfigurationPlatforms) = preSolution
		Debug|Any CPU = Debug|Any CPU
		Release|Any CPU = Release|Any CPU
	EndGlobalSection
	GlobalSection(ProjectConfigurationPlatforms) = postSolution
		{494360E5-973F-478D-AFE3-1CCE9317E76F}.Debug|Any CPU.ActiveCfg = Debug|Any CPU
		{494360E5-973F-478D-AFE3-1CCE9317E76F}.Debug|Any CPU.Build.0 = Debug|Any CPU
		{494360E5-973F-478D-AFE3-1CCE9317E76F}.Release|Any CPU.ActiveCfg = Release|Any CPU
		{494360E5-973F-478D-AFE3-1CCE9317E76F}.Release|Any CPU.Build.0 = Release|Any CPU
	EndGlobalSection
	GlobalSection(SolutionProperties) = preSolution
		HideSolutionNode = FALSE
	EndGlobalSection
	GlobalSection(ExtensibilityGlobals) = postSolution
		SolutionGuid = {DE06A18A-70C8-41DF-99D3-9DB1F678B5D4}
	EndGlobalSection
EndGlobal
